
Microsoft Visual Studio Solution File, Format Version 12.00
Project("{FAE04EC0-301F-11D3-BF4B-00C04F79EFBC}") = "MyNoSqlServer.Domains", "MyNoSqlServer.Domains\MyNoSqlServer.Domains.csproj", "{F14DEACC-6275-4135-824E-0C9CA119969D}"
EndProject
Project("{FAE04EC0-301F-11D3-BF4B-00C04F79EFBC}") = "MyNoSqlServer.Api", "MyNoSqlServer.Api\MyNoSqlServer.Api.csproj", "{7E7ABAC4-33F2-4921-ABB9-525792F404DC}"
EndProject
Project("{FAE04EC0-301F-11D3-BF4B-00C04F79EFBC}") = "MyNoSqlServer.AzureStorage", "MyNoSqlServer.AzureStorage\MyNoSqlServer.AzureStorage.csproj", "{745AEF5F-9BCF-4592-9E64-3F75C96D3999}"
EndProject
Project("{2150E333-8FDC-42A3-9474-1A3956D46DE8}") = "01.Common", "01.Common", "{79422F00-F6B3-427F-9362-56162BC6112C}"
EndProject
Project("{FAE04EC0-301F-11D3-BF4B-00C04F79EFBC}") = "MyNoSqlServer.Common", "MyNoSqlServer.Common\MyNoSqlServer.Common.csproj", "{C38BE410-84CE-42FA-A712-98FB60DEA3EB}"
EndProject
Project("{2150E333-8FDC-42A3-9474-1A3956D46DE8}") = "02.Domains", "02.Domains", "{36EC6B88-7B1F-4F55-AD36-FF396BE6EECB}"
EndProject
Project("{FAE04EC0-301F-11D3-BF4B-00C04F79EFBC}") = "MyNoSqlServer.Abstractions", "MyNoSqlServer.Abstractions\MyNoSqlServer.Abstractions.csproj", "{3EFCE7F6-1EE7-4AE3-985B-AE3EFD08E556}"
EndProject
Project("{2150E333-8FDC-42A3-9474-1A3956D46DE8}") = "04.Libraries-2.0", "04.Libraries-2.0", "{98F2A079-61D4-4F36-8FF3-10ED72B64023}"
EndProject
Project("{2150E333-8FDC-42A3-9474-1A3956D46DE8}") = "05.Libraries", "05.Libraries", "{F2B4DFDE-FA92-4430-940A-805431CFC88B}"
EndProject
Project("{FAE04EC0-301F-11D3-BF4B-00C04F79EFBC}") = "MyNoSqlServer.DataReader", "MyNoSqlServer.DataReader\MyNoSqlServer.DataReader.csproj", "{C0B79A74-5B10-4DA0-B7ED-58DC669EC158}"
EndProject
Project("{FAE04EC0-301F-11D3-BF4B-00C04F79EFBC}") = "MyNoSqlServer.DataWriter", "MyNoSqlServer.DataWriter\MyNoSqlServer.DataWriter.csproj", "{FF53C850-7C0F-48B5-97FF-710406E019F7}"
EndProject
Project("{FAE04EC0-301F-11D3-BF4B-00C04F79EFBC}") = "MyNoSqlServer20.DataReader", "MyNoSqlServer20.DataReader\MyNoSqlServer20.DataReader.csproj", "{EDB2ACE0-3BE3-4318-BC0B-D5EDBBD4EAD4}"
EndProject
Project("{FAE04EC0-301F-11D3-BF4B-00C04F79EFBC}") = "MyNoSqlServer20.DataWriter", "MyNoSqlServer20.DataWriter\MyNoSqlServer20.DataWriter.csproj", "{5C99B87C-BEE9-4682-B892-5125F8BCC8FB}"
EndProject
Project("{2150E333-8FDC-42A3-9474-1A3956D46DE8}") = "03.Tcp", "03.Tcp", "{1B8782C0-647B-4899-BC63-D286A3DC6C60}"
EndProject
Project("{FAE04EC0-301F-11D3-BF4B-00C04F79EFBC}") = "MyNoSqlServer.TcpContracts", "MyNoSqlServer.TcpContracts\MyNoSqlServer.TcpContracts.csproj", "{43F49988-851F-4407-A7CA-9B27247C9A58}"
EndProject
Project("{FAE04EC0-301F-11D3-BF4B-00C04F79EFBC}") = "MyNoSqlServer.TcpContracts.Tests", "MyNoSqlServer.TcpContracts.Tests\MyNoSqlServer.TcpContracts.Tests.csproj", "{17E08E73-4BA1-4623-82EF-7C07038A0564}"
EndProject
Project("{FAE04EC0-301F-11D3-BF4B-00C04F79EFBC}") = "MyNoSqlServer20.TcpContracts", "MyNoSqlServer20.TcpContracts\MyNoSqlServer20.TcpContracts.csproj", "{6160E8C0-1A46-4000-9F0F-95F03BC78E8A}"
EndProject
Project("{FAE04EC0-301F-11D3-BF4B-00C04F79EFBC}") = "MyNoSqlServer.Tests", "MyNoSqlServer.Tests\MyNoSqlServer.Tests.csproj", "{4EBBDC73-C07F-4D46-A91C-93D40055BFD9}"
EndProject
Project("{FAE04EC0-301F-11D3-BF4B-00C04F79EFBC}") = "MyNoSqlServer.ConsoleTest", "MyNoSqlServer.ConsoleTest\MyNoSqlServer.ConsoleTest.csproj", "{2E00EC2D-2A4A-4E8E-A33F-7A40264FC61A}"
EndProject
Global
	GlobalSection(SolutionConfigurationPlatforms) = preSolution
		Debug|Any CPU = Debug|Any CPU
		Release|Any CPU = Release|Any CPU
	EndGlobalSection
	GlobalSection(ProjectConfigurationPlatforms) = postSolution
		{F14DEACC-6275-4135-824E-0C9CA119969D}.Debug|Any CPU.ActiveCfg = Debug|Any CPU
		{F14DEACC-6275-4135-824E-0C9CA119969D}.Debug|Any CPU.Build.0 = Debug|Any CPU
		{F14DEACC-6275-4135-824E-0C9CA119969D}.Release|Any CPU.ActiveCfg = Release|Any CPU
		{F14DEACC-6275-4135-824E-0C9CA119969D}.Release|Any CPU.Build.0 = Release|Any CPU
		{7E7ABAC4-33F2-4921-ABB9-525792F404DC}.Debug|Any CPU.ActiveCfg = Debug|Any CPU
		{7E7ABAC4-33F2-4921-ABB9-525792F404DC}.Debug|Any CPU.Build.0 = Debug|Any CPU
		{7E7ABAC4-33F2-4921-ABB9-525792F404DC}.Release|Any CPU.ActiveCfg = Release|Any CPU
		{7E7ABAC4-33F2-4921-ABB9-525792F404DC}.Release|Any CPU.Build.0 = Release|Any CPU
		{745AEF5F-9BCF-4592-9E64-3F75C96D3999}.Debug|Any CPU.ActiveCfg = Debug|Any CPU
		{745AEF5F-9BCF-4592-9E64-3F75C96D3999}.Debug|Any CPU.Build.0 = Debug|Any CPU
		{745AEF5F-9BCF-4592-9E64-3F75C96D3999}.Release|Any CPU.ActiveCfg = Release|Any CPU
		{745AEF5F-9BCF-4592-9E64-3F75C96D3999}.Release|Any CPU.Build.0 = Release|Any CPU
		{C38BE410-84CE-42FA-A712-98FB60DEA3EB}.Debug|Any CPU.ActiveCfg = Debug|Any CPU
		{C38BE410-84CE-42FA-A712-98FB60DEA3EB}.Debug|Any CPU.Build.0 = Debug|Any CPU
		{C38BE410-84CE-42FA-A712-98FB60DEA3EB}.Release|Any CPU.ActiveCfg = Release|Any CPU
		{C38BE410-84CE-42FA-A712-98FB60DEA3EB}.Release|Any CPU.Build.0 = Release|Any CPU
		{3EFCE7F6-1EE7-4AE3-985B-AE3EFD08E556}.Debug|Any CPU.ActiveCfg = Debug|Any CPU
		{3EFCE7F6-1EE7-4AE3-985B-AE3EFD08E556}.Debug|Any CPU.Build.0 = Debug|Any CPU
		{3EFCE7F6-1EE7-4AE3-985B-AE3EFD08E556}.Release|Any CPU.ActiveCfg = Release|Any CPU
		{3EFCE7F6-1EE7-4AE3-985B-AE3EFD08E556}.Release|Any CPU.Build.0 = Release|Any CPU
		{C0B79A74-5B10-4DA0-B7ED-58DC669EC158}.Debug|Any CPU.ActiveCfg = Debug|Any CPU
		{C0B79A74-5B10-4DA0-B7ED-58DC669EC158}.Debug|Any CPU.Build.0 = Debug|Any CPU
		{C0B79A74-5B10-4DA0-B7ED-58DC669EC158}.Release|Any CPU.ActiveCfg = Release|Any CPU
		{C0B79A74-5B10-4DA0-B7ED-58DC669EC158}.Release|Any CPU.Build.0 = Release|Any CPU
		{FF53C850-7C0F-48B5-97FF-710406E019F7}.Debug|Any CPU.ActiveCfg = Debug|Any CPU
		{FF53C850-7C0F-48B5-97FF-710406E019F7}.Debug|Any CPU.Build.0 = Debug|Any CPU
		{FF53C850-7C0F-48B5-97FF-710406E019F7}.Release|Any CPU.ActiveCfg = Release|Any CPU
		{FF53C850-7C0F-48B5-97FF-710406E019F7}.Release|Any CPU.Build.0 = Release|Any CPU
		{EDB2ACE0-3BE3-4318-BC0B-D5EDBBD4EAD4}.Debug|Any CPU.ActiveCfg = Debug|Any CPU
		{EDB2ACE0-3BE3-4318-BC0B-D5EDBBD4EAD4}.Debug|Any CPU.Build.0 = Debug|Any CPU
		{EDB2ACE0-3BE3-4318-BC0B-D5EDBBD4EAD4}.Release|Any CPU.ActiveCfg = Release|Any CPU
		{EDB2ACE0-3BE3-4318-BC0B-D5EDBBD4EAD4}.Release|Any CPU.Build.0 = Release|Any CPU
		{5C99B87C-BEE9-4682-B892-5125F8BCC8FB}.Debug|Any CPU.ActiveCfg = Debug|Any CPU
		{5C99B87C-BEE9-4682-B892-5125F8BCC8FB}.Debug|Any CPU.Build.0 = Debug|Any CPU
		{5C99B87C-BEE9-4682-B892-5125F8BCC8FB}.Release|Any CPU.ActiveCfg = Release|Any CPU
		{5C99B87C-BEE9-4682-B892-5125F8BCC8FB}.Release|Any CPU.Build.0 = Release|Any CPU
		{43F49988-851F-4407-A7CA-9B27247C9A58}.Debug|Any CPU.ActiveCfg = Debug|Any CPU
		{43F49988-851F-4407-A7CA-9B27247C9A58}.Debug|Any CPU.Build.0 = Debug|Any CPU
		{43F49988-851F-4407-A7CA-9B27247C9A58}.Release|Any CPU.ActiveCfg = Release|Any CPU
		{43F49988-851F-4407-A7CA-9B27247C9A58}.Release|Any CPU.Build.0 = Release|Any CPU
		{17E08E73-4BA1-4623-82EF-7C07038A0564}.Debug|Any CPU.ActiveCfg = Debug|Any CPU
		{17E08E73-4BA1-4623-82EF-7C07038A0564}.Debug|Any CPU.Build.0 = Debug|Any CPU
		{17E08E73-4BA1-4623-82EF-7C07038A0564}.Release|Any CPU.ActiveCfg = Release|Any CPU
		{17E08E73-4BA1-4623-82EF-7C07038A0564}.Release|Any CPU.Build.0 = Release|Any CPU
		{6160E8C0-1A46-4000-9F0F-95F03BC78E8A}.Debug|Any CPU.ActiveCfg = Debug|Any CPU
		{6160E8C0-1A46-4000-9F0F-95F03BC78E8A}.Debug|Any CPU.Build.0 = Debug|Any CPU
		{6160E8C0-1A46-4000-9F0F-95F03BC78E8A}.Release|Any CPU.ActiveCfg = Release|Any CPU
		{6160E8C0-1A46-4000-9F0F-95F03BC78E8A}.Release|Any CPU.Build.0 = Release|Any CPU
		{4EBBDC73-C07F-4D46-A91C-93D40055BFD9}.Debug|Any CPU.ActiveCfg = Debug|Any CPU
		{4EBBDC73-C07F-4D46-A91C-93D40055BFD9}.Debug|Any CPU.Build.0 = Debug|Any CPU
		{4EBBDC73-C07F-4D46-A91C-93D40055BFD9}.Release|Any CPU.ActiveCfg = Release|Any CPU
		{4EBBDC73-C07F-4D46-A91C-93D40055BFD9}.Release|Any CPU.Build.0 = Release|Any CPU
		{2E00EC2D-2A4A-4E8E-A33F-7A40264FC61A}.Debug|Any CPU.ActiveCfg = Debug|Any CPU
		{2E00EC2D-2A4A-4E8E-A33F-7A40264FC61A}.Debug|Any CPU.Build.0 = Debug|Any CPU
		{2E00EC2D-2A4A-4E8E-A33F-7A40264FC61A}.Release|Any CPU.ActiveCfg = Release|Any CPU
		{2E00EC2D-2A4A-4E8E-A33F-7A40264FC61A}.Release|Any CPU.Build.0 = Release|Any CPU
	EndGlobalSection
	GlobalSection(NestedProjects) = preSolution
		{C38BE410-84CE-42FA-A712-98FB60DEA3EB} = {79422F00-F6B3-427F-9362-56162BC6112C}
		{745AEF5F-9BCF-4592-9E64-3F75C96D3999} = {79422F00-F6B3-427F-9362-56162BC6112C}
		{F14DEACC-6275-4135-824E-0C9CA119969D} = {36EC6B88-7B1F-4F55-AD36-FF396BE6EECB}
		{3EFCE7F6-1EE7-4AE3-985B-AE3EFD08E556} = {36EC6B88-7B1F-4F55-AD36-FF396BE6EECB}
		{C0B79A74-5B10-4DA0-B7ED-58DC669EC158} = {F2B4DFDE-FA92-4430-940A-805431CFC88B}
		{FF53C850-7C0F-48B5-97FF-710406E019F7} = {F2B4DFDE-FA92-4430-940A-805431CFC88B}
		{EDB2ACE0-3BE3-4318-BC0B-D5EDBBD4EAD4} = {98F2A079-61D4-4F36-8FF3-10ED72B64023}
		{5C99B87C-BEE9-4682-B892-5125F8BCC8FB} = {98F2A079-61D4-4F36-8FF3-10ED72B64023}
		{43F49988-851F-4407-A7CA-9B27247C9A58} = {1B8782C0-647B-4899-BC63-D286A3DC6C60}
		{17E08E73-4BA1-4623-82EF-7C07038A0564} = {1B8782C0-647B-4899-BC63-D286A3DC6C60}
		{6160E8C0-1A46-4000-9F0F-95F03BC78E8A} = {1B8782C0-647B-4899-BC63-D286A3DC6C60}
	EndGlobalSection
EndGlobal
